
Microsoft Visual Studio Solution File, Format Version 12.00
# Visual Studio Version 16
VisualStudioVersion = 16.0.29411.108
MinimumVisualStudioVersion = 10.0.40219.1
Project("{FAE04EC0-301F-11D3-BF4B-00C04F79EFBC}") = "InventoryManagement", "InventoryManagement.csproj", "{349512F4-015B-4E0A-AC36-63134239126D}"
EndProject
Global
	GlobalSection(SolutionConfigurationPlatforms) = preSolution
		Debug|Any CPU = Debug|Any CPU
		Release|Any CPU = Release|Any CPU
	EndGlobalSection
	GlobalSection(ProjectConfigurationPlatforms) = postSolution
		{349512F4-015B-4E0A-AC36-63134239126D}.Debug|Any CPU.ActiveCfg = Debug|Any CPU
		{349512F4-015B-4E0A-AC36-63134239126D}.Debug|Any CPU.Build.0 = Debug|Any CPU
		{349512F4-015B-4E0A-AC36-63134239126D}.Release|Any CPU.ActiveCfg = Release|Any CPU
		{349512F4-015B-4E0A-AC36-63134239126D}.Release|Any CPU.Build.0 = Release|Any CPU
	EndGlobalSection
	GlobalSection(SolutionProperties) = preSolution
		HideSolutionNode = FALSE
	EndGlobalSection
	GlobalSection(ExtensibilityGlobals) = postSolution
		SolutionGuid = {84B95BA6-67A1-43D8-84DA-3E9E5CFF4106}
	EndGlobalSection
EndGlobal
